
Microsoft Visual Studio Solution File, Format Version 12.00
# Visual Studio Version 16
VisualStudioVersion = 16.0.29806.167
MinimumVisualStudioVersion = 10.0.40219.1
Project("{FAE04EC0-301F-11D3-BF4B-00C04F79EFBC}") = "Atividade 2 - Marlão", "Atividade 2 - Marlão\Atividade 2 - Marlão.csproj", "{AADDC7C7-A55E-4986-91FE-049B6954D977}"
EndProject
Global
	GlobalSection(SolutionConfigurationPlatforms) = preSolution
		Debug|Any CPU = Debug|Any CPU
		Release|Any CPU = Release|Any CPU
	EndGlobalSection
	GlobalSection(ProjectConfigurationPlatforms) = postSolution
		{AADDC7C7-A55E-4986-91FE-049B6954D977}.Debug|Any CPU.ActiveCfg = Debug|Any CPU
		{AADDC7C7-A55E-4986-91FE-049B6954D977}.Debug|Any CPU.Build.0 = Debug|Any CPU
		{AADDC7C7-A55E-4986-91FE-049B6954D977}.Release|Any CPU.ActiveCfg = Release|Any CPU
		{AADDC7C7-A55E-4986-91FE-049B6954D977}.Release|Any CPU.Build.0 = Release|Any CPU
	EndGlobalSection
	GlobalSection(SolutionProperties) = preSolution
		HideSolutionNode = FALSE
	EndGlobalSection
	GlobalSection(ExtensibilityGlobals) = postSolution
		SolutionGuid = {57547D90-5D9F-4512-A728-E63D202B2A21}
	EndGlobalSection
EndGlobal
